
Microsoft Visual Studio Solution File, Format Version 12.00
# Visual Studio Version 17
VisualStudioVersion = 17.5.33414.496
MinimumVisualStudioVersion = 10.0.40219.1
Project("{9A19103F-16F7-4668-BE54-9A1E7A4F7556}") = "GComFuelManager.Server", "GComFuelManager\Server\GComFuelManager.Server.csproj", "{7BA1757C-F05B-493F-9B5A-B3A5AC0D1AA8}"
EndProject
Project("{9A19103F-16F7-4668-BE54-9A1E7A4F7556}") = "GComFuelManager.Client", "GComFuelManager\Client\GComFuelManager.Client.csproj", "{01E792F9-E945-41B5-A967-F21FEDC4B56C}"
EndProject
Project("{9A19103F-16F7-4668-BE54-9A1E7A4F7556}") = "GComFuelManager.Shared", "GComFuelManager\Shared\GComFuelManager.Shared.csproj", "{1CCC0E95-DEE3-465E-AA95-D5CD127B5010}"
EndProject
Project("{9A19103F-16F7-4668-BE54-9A1E7A4F7556}") = "RazorHtmlEmails.GComFuelManagerMigracion", "RazorHtmlEmails.GComFuelManagerMigracion\RazorHtmlEmails.GComFuelManagerMigracion.csproj", "{ED6C667D-DAEE-44C1-8AFC-1746B04738AA}"
EndProject
Project("{9A19103F-16F7-4668-BE54-9A1E7A4F7556}") = "RazorHtmlEmails.Common", "RazorHtmlEmails.Common\RazorHtmlEmails.Common.csproj", "{FC2369D3-D49F-4F46-8AA3-81EC13DC902C}"
EndProject
Global
	GlobalSection(SolutionConfigurationPlatforms) = preSolution
		Debug|Any CPU = Debug|Any CPU
		Release|Any CPU = Release|Any CPU
	EndGlobalSection
	GlobalSection(ProjectConfigurationPlatforms) = postSolution
		{7BA1757C-F05B-493F-9B5A-B3A5AC0D1AA8}.Debug|Any CPU.ActiveCfg = Debug|Any CPU
		{7BA1757C-F05B-493F-9B5A-B3A5AC0D1AA8}.Debug|Any CPU.Build.0 = Debug|Any CPU
		{7BA1757C-F05B-493F-9B5A-B3A5AC0D1AA8}.Release|Any CPU.ActiveCfg = Release|Any CPU
		{7BA1757C-F05B-493F-9B5A-B3A5AC0D1AA8}.Release|Any CPU.Build.0 = Release|Any CPU
		{01E792F9-E945-41B5-A967-F21FEDC4B56C}.Debug|Any CPU.ActiveCfg = Debug|Any CPU
		{01E792F9-E945-41B5-A967-F21FEDC4B56C}.Debug|Any CPU.Build.0 = Debug|Any CPU
		{01E792F9-E945-41B5-A967-F21FEDC4B56C}.Release|Any CPU.ActiveCfg = Release|Any CPU
		{01E792F9-E945-41B5-A967-F21FEDC4B56C}.Release|Any CPU.Build.0 = Release|Any CPU
		{1CCC0E95-DEE3-465E-AA95-D5CD127B5010}.Debug|Any CPU.ActiveCfg = Debug|Any CPU
		{1CCC0E95-DEE3-465E-AA95-D5CD127B5010}.Debug|Any CPU.Build.0 = Debug|Any CPU
		{1CCC0E95-DEE3-465E-AA95-D5CD127B5010}.Release|Any CPU.ActiveCfg = Release|Any CPU
		{1CCC0E95-DEE3-465E-AA95-D5CD127B5010}.Release|Any CPU.Build.0 = Release|Any CPU
		{ED6C667D-DAEE-44C1-8AFC-1746B04738AA}.Debug|Any CPU.ActiveCfg = Debug|Any CPU
		{ED6C667D-DAEE-44C1-8AFC-1746B04738AA}.Debug|Any CPU.Build.0 = Debug|Any CPU
		{ED6C667D-DAEE-44C1-8AFC-1746B04738AA}.Release|Any CPU.ActiveCfg = Release|Any CPU
		{ED6C667D-DAEE-44C1-8AFC-1746B04738AA}.Release|Any CPU.Build.0 = Release|Any CPU
		{FC2369D3-D49F-4F46-8AA3-81EC13DC902C}.Debug|Any CPU.ActiveCfg = Debug|Any CPU
		{FC2369D3-D49F-4F46-8AA3-81EC13DC902C}.Debug|Any CPU.Build.0 = Debug|Any CPU
		{FC2369D3-D49F-4F46-8AA3-81EC13DC902C}.Release|Any CPU.ActiveCfg = Release|Any CPU
		{FC2369D3-D49F-4F46-8AA3-81EC13DC902C}.Release|Any CPU.Build.0 = Release|Any CPU
	EndGlobalSection
	GlobalSection(SolutionProperties) = preSolution
		HideSolutionNode = FALSE
	EndGlobalSection
	GlobalSection(ExtensibilityGlobals) = postSolution
		SolutionGuid = {6BBA30B5-0568-45DD-8D4A-E4E9C0292518}
	EndGlobalSection
EndGlobal
